// !$*UTF8*$!
{
	archiveVersion = 1;
	classes = {
	};
	objectVersion = 46;
	objects = {

/* Begin PBXBuildFile section */
		2330EF4862FE12080437592F /* Pods_SwiftWibo.framework in Frameworks */ = {isa = PBXBuildFile; fileRef = CC0CA27DF69F3B5E5896E15D /* Pods_SwiftWibo.framework */; };
		38F7EAFF7B4B9300993BA9F9 /* Pods_SwiftWiboTests.framework in Frameworks */ = {isa = PBXBuildFile; fileRef = 9D7F195A2B54F350A1413A8A /* Pods_SwiftWiboTests.framework */; };
		7157B29DB624918C8233FFCB /* Pods_SwiftWiboUITests.framework in Frameworks */ = {isa = PBXBuildFile; fileRef = 7B66EB86B1E7A055CE796995 /* Pods_SwiftWiboUITests.framework */; };
		A73AAEE81E8D1A3F00DAFBAD /* EPMEmojCollectionView.swift in Sources */ = {isa = PBXBuildFile; fileRef = A73AAEE71E8D1A3F00DAFBAD /* EPMEmojCollectionView.swift */; };
		A73AAEEA1E8D2F5000DAFBAD /* EPMbottombtnView.swift in Sources */ = {isa = PBXBuildFile; fileRef = A73AAEE91E8D2F5000DAFBAD /* EPMbottombtnView.swift */; };
		A73AAEEC1E8D4D9400DAFBAD /* EPMEmotionPageView.swift in Sources */ = {isa = PBXBuildFile; fileRef = A73AAEEB1E8D4D9400DAFBAD /* EPMEmotionPageView.swift */; };
		A73AAEEE1E8D5A7400DAFBAD /* EPMEmotionPageCell.swift in Sources */ = {isa = PBXBuildFile; fileRef = A73AAEED1E8D5A7400DAFBAD /* EPMEmotionPageCell.swift */; };
		A756B6871E7EA0B100F76A2D /* EPMMainTabBarController.swift in Sources */ = {isa = PBXBuildFile; fileRef = A756B6861E7EA0B100F76A2D /* EPMMainTabBarController.swift */; };
		A756B68B1E7EA11B00F76A2D /* EPMMessageViewController.swift in Sources */ = {isa = PBXBuildFile; fileRef = A756B68A1E7EA11B00F76A2D /* EPMMessageViewController.swift */; };
		A756B68D1E7EA13400F76A2D /* EPMProfileViewController.swift in Sources */ = {isa = PBXBuildFile; fileRef = A756B68C1E7EA13400F76A2D /* EPMProfileViewController.swift */; };
		A756B68F1E7EA14700F76A2D /* EPMDiscoverViewController.swift in Sources */ = {isa = PBXBuildFile; fileRef = A756B68E1E7EA14700F76A2D /* EPMDiscoverViewController.swift */; };
		A756B6911E7EA15A00F76A2D /* EPMHomeViewController.swift in Sources */ = {isa = PBXBuildFile; fileRef = A756B6901E7EA15A00F76A2D /* EPMHomeViewController.swift */; };
		A756B6931E7EA9A300F76A2D /* EPBaseNavigationController.swift in Sources */ = {isa = PBXBuildFile; fileRef = A756B6921E7EA9A300F76A2D /* EPBaseNavigationController.swift */; };
		A756B6961E7EABF900F76A2D /* UIBarButtonItem+Extenssion.swift in Sources */ = {isa = PBXBuildFile; fileRef = A756B6951E7EABF900F76A2D /* UIBarButtonItem+Extenssion.swift */; };
		A756B6991E7EAEDB00F76A2D /* EPMTabBar.swift in Sources */ = {isa = PBXBuildFile; fileRef = A756B6981E7EAEDB00F76A2D /* EPMTabBar.swift */; };
		A756B69B1E7EB7CE00F76A2D /* EPMBaseViewController.swift in Sources */ = {isa = PBXBuildFile; fileRef = A756B69A1E7EB7CE00F76A2D /* EPMBaseViewController.swift */; };
		A756B69E1E7EBA9200F76A2D /* EPMTestViewController.swift in Sources */ = {isa = PBXBuildFile; fileRef = A756B69D1E7EBA9200F76A2D /* EPMTestViewController.swift */; };
		A78F5BD11E7F93F700FE9AAA /* UIView+Extenssion.swift in Sources */ = {isa = PBXBuildFile; fileRef = A78F5BD01E7F93F700FE9AAA /* UIView+Extenssion.swift */; };
		A78F5BD61E7F9A9300FE9AAA /* EPMVistorView.swift in Sources */ = {isa = PBXBuildFile; fileRef = A78F5BD51E7F9A9300FE9AAA /* EPMVistorView.swift */; };
		A78F5CEB1E829D3A00FE9AAA /* EPMNetworkingTool.swift in Sources */ = {isa = PBXBuildFile; fileRef = A78F5CEA1E829D3A00FE9AAA /* EPMNetworkingTool.swift */; };
		A78F5CED1E82A3C200FE9AAA /* EPMUserAccountModelView.swift in Sources */ = {isa = PBXBuildFile; fileRef = A78F5CEC1E82A3C200FE9AAA /* EPMUserAccountModelView.swift */; };
		A78F5CF01E82A52100FE9AAA /* EPMOAuthViewController.swift in Sources */ = {isa = PBXBuildFile; fileRef = A78F5CEF1E82A52100FE9AAA /* EPMOAuthViewController.swift */; };
		A78F5CF21E82D60D00FE9AAA /* commen.swift in Sources */ = {isa = PBXBuildFile; fileRef = A78F5CF11E82D60D00FE9AAA /* commen.swift */; };
		A78F5CF41E83679B00FE9AAA /* EPMUserInfoModel.swift in Sources */ = {isa = PBXBuildFile; fileRef = A78F5CF31E83679B00FE9AAA /* EPMUserInfoModel.swift */; };
		A78F5CF61E839FAA00FE9AAA /* EPMWelcomViewController.swift in Sources */ = {isa = PBXBuildFile; fileRef = A78F5CF51E839FAA00FE9AAA /* EPMWelcomViewController.swift */; };
		A78F5D071E853C9400FE9AAA /* EPMHomeTableViewCell.swift in Sources */ = {isa = PBXBuildFile; fileRef = A78F5D061E853C9400FE9AAA /* EPMHomeTableViewCell.swift */; };
		A78F5D0C1E85418100FE9AAA /* EPMHomeViewModel.swift in Sources */ = {isa = PBXBuildFile; fileRef = A78F5D0B1E85418100FE9AAA /* EPMHomeViewModel.swift */; };
		A78F5D0E1E85419900FE9AAA /* EPMHomeModel.swift in Sources */ = {isa = PBXBuildFile; fileRef = A78F5D0D1E85419900FE9AAA /* EPMHomeModel.swift */; };
		A78F5D101E8542B000FE9AAA /* EPMHomeStatueViewModel.swift in Sources */ = {isa = PBXBuildFile; fileRef = A78F5D0F1E8542B000FE9AAA /* EPMHomeStatueViewModel.swift */; };
		A78F5D121E8548F100FE9AAA /* EPMHomeUserModel.swift in Sources */ = {isa = PBXBuildFile; fileRef = A78F5D111E8548F100FE9AAA /* EPMHomeUserModel.swift */; };
		A78F5D151E8554F500FE9AAA /* EPMOrignialView.swift in Sources */ = {isa = PBXBuildFile; fileRef = A78F5D141E8554F500FE9AAA /* EPMOrignialView.swift */; };
		A78F5D171E85554200FE9AAA /* EPMHomeRetweetView.swift in Sources */ = {isa = PBXBuildFile; fileRef = A78F5D161E85554200FE9AAA /* EPMHomeRetweetView.swift */; };
		A78F5D191E85554F00FE9AAA /* EPMBottomView.swift in Sources */ = {isa = PBXBuildFile; fileRef = A78F5D181E85554F00FE9AAA /* EPMBottomView.swift */; };
		A78F5D1E1E869CB100FE9AAA /* EPMPictureUrlModel.swift in Sources */ = {isa = PBXBuildFile; fileRef = A78F5D1D1E869CB100FE9AAA /* EPMPictureUrlModel.swift */; };
		A78F5D201E869D0E00FE9AAA /* EPMPictureView.swift in Sources */ = {isa = PBXBuildFile; fileRef = A78F5D1F1E869D0E00FE9AAA /* EPMPictureView.swift */; };
		A78F5D731E89453000FE9AAA /* EPMRefreshControl.swift in Sources */ = {isa = PBXBuildFile; fileRef = A78F5D721E89453000FE9AAA /* EPMRefreshControl.swift */; };
		A78F5D771E89671400FE9AAA /* EPMComposeView.swift in Sources */ = {isa = PBXBuildFile; fileRef = A78F5D761E89671400FE9AAA /* EPMComposeView.swift */; };
		A78F5D7D1E8967AB00FE9AAA /* UIImage+ImageEffects.m in Sources */ = {isa = PBXBuildFile; fileRef = A78F5D7C1E8967AB00FE9AAA /* UIImage+ImageEffects.m */; };
		A78F5D941E8A7B4F00FE9AAA /* EPMComposeButton.swift in Sources */ = {isa = PBXBuildFile; fileRef = A78F5D931E8A7B4F00FE9AAA /* EPMComposeButton.swift */; };
		A78F5D971E8A822C00FE9AAA /* compose.plist in Resources */ = {isa = PBXBuildFile; fileRef = A78F5D961E8A822C00FE9AAA /* compose.plist */; };
		A78F5D9A1E8A828200FE9AAA /* EPMComposeModel.swift in Sources */ = {isa = PBXBuildFile; fileRef = A78F5D991E8A828200FE9AAA /* EPMComposeModel.swift */; };
		A78F5D9E1E8A9BE700FE9AAA /* EPMComposeViewController.swift in Sources */ = {isa = PBXBuildFile; fileRef = A78F5D9D1E8A9BE700FE9AAA /* EPMComposeViewController.swift */; };
		A78F5DA01E8AB86700FE9AAA /* EPMComposeTextView.swift in Sources */ = {isa = PBXBuildFile; fileRef = A78F5D9F1E8AB86700FE9AAA /* EPMComposeTextView.swift */; };
		A78F5DA21E8ADA1D00FE9AAA /* EPMComposeBottomView.swift in Sources */ = {isa = PBXBuildFile; fileRef = A78F5DA11E8ADA1D00FE9AAA /* EPMComposeBottomView.swift */; };
		A78F5DA41E8B555A00FE9AAA /* EPMComposePictureView.swift in Sources */ = {isa = PBXBuildFile; fileRef = A78F5DA31E8B555A00FE9AAA /* EPMComposePictureView.swift */; };
		A7BC68D61E7E979500DFDCEC /* AppDelegate.swift in Sources */ = {isa = PBXBuildFile; fileRef = A7BC68D51E7E979500DFDCEC /* AppDelegate.swift */; };
		A7BC68DE1E7E979500DFDCEC /* SwiftWibo.xcdatamodeld in Sources */ = {isa = PBXBuildFile; fileRef = A7BC68DC1E7E979500DFDCEC /* SwiftWibo.xcdatamodeld */; };
		A7BC68E01E7E979500DFDCEC /* Assets.xcassets in Resources */ = {isa = PBXBuildFile; fileRef = A7BC68DF1E7E979500DFDCEC /* Assets.xcassets */; };
		A7BC68E31E7E979500DFDCEC /* LaunchScreen.storyboard in Resources */ = {isa = PBXBuildFile; fileRef = A7BC68E11E7E979500DFDCEC /* LaunchScreen.storyboard */; };
		A7BC68EE1E7E979500DFDCEC /* SwiftWiboTests.swift in Sources */ = {isa = PBXBuildFile; fileRef = A7BC68ED1E7E979500DFDCEC /* SwiftWiboTests.swift */; };
		A7BC68F91E7E979500DFDCEC /* SwiftWiboUITests.swift in Sources */ = {isa = PBXBuildFile; fileRef = A7BC68F81E7E979500DFDCEC /* SwiftWiboUITests.swift */; };
/* End PBXBuildFile section */

/* Begin PBXContainerItemProxy section */
		A7BC68EA1E7E979500DFDCEC /* PBXContainerItemProxy */ = {
			isa = PBXContainerItemProxy;
			containerPortal = A7BC68CA1E7E979500DFDCEC /* Project object */;
			proxyType = 1;
			remoteGlobalIDString = A7BC68D11E7E979500DFDCEC;
			remoteInfo = SwiftWibo;
		};
		A7BC68F51E7E979500DFDCEC /* PBXContainerItemProxy */ = {
			isa = PBXContainerItemProxy;
			containerPortal = A7BC68CA1E7E979500DFDCEC /* Project object */;
			proxyType = 1;
			remoteGlobalIDString = A7BC68D11E7E979500DFDCEC;
			remoteInfo = SwiftWibo;
		};
/* End PBXContainerItemProxy section */

/* Begin PBXFileReference section */
		2ED990E17AF2342B15061A6C /* Pods-SwiftWibo.release.xcconfig */ = {isa = PBXFileReference; includeInIndex = 1; lastKnownFileType = text.xcconfig; name = "Pods-SwiftWibo.release.xcconfig"; path = "Pods/Target Support Files/Pods-SwiftWibo/Pods-SwiftWibo.release.xcconfig"; sourceTree = "<group>"; };
		32FD62880E3D1130FD9D6A63 /* Pods-SwiftWiboUITests.debug.xcconfig */ = {isa = PBXFileReference; includeInIndex = 1; lastKnownFileType = text.xcconfig; name = "Pods-SwiftWiboUITests.debug.xcconfig"; path = "Pods/Target Support Files/Pods-SwiftWiboUITests/Pods-SwiftWiboUITests.debug.xcconfig"; sourceTree = "<group>"; };
		3CA5E6317175A6606D230025 /* Pods-SwiftWiboUITests.release.xcconfig */ = {isa = PBXFileReference; includeInIndex = 1; lastKnownFileType = text.xcconfig; name = "Pods-SwiftWiboUITests.release.xcconfig"; path = "Pods/Target Support Files/Pods-SwiftWiboUITests/Pods-SwiftWiboUITests.release.xcconfig"; sourceTree = "<group>"; };
		4C4FD6C804710F1D1E04AB32 /* Pods-SwiftWiboTests.release.xcconfig */ = {isa = PBXFileReference; includeInIndex = 1; lastKnownFileType = text.xcconfig; name = "Pods-SwiftWiboTests.release.xcconfig"; path = "Pods/Target Support Files/Pods-SwiftWiboTests/Pods-SwiftWiboTests.release.xcconfig"; sourceTree = "<group>"; };
		66B7E907F1634625A34C3806 /* Pods-SwiftWiboTests.debug.xcconfig */ = {isa = PBXFileReference; includeInIndex = 1; lastKnownFileType = text.xcconfig; name = "Pods-SwiftWiboTests.debug.xcconfig"; path = "Pods/Target Support Files/Pods-SwiftWiboTests/Pods-SwiftWiboTests.debug.xcconfig"; sourceTree = "<group>"; };
		7B66EB86B1E7A055CE796995 /* Pods_SwiftWiboUITests.framework */ = {isa = PBXFileReference; explicitFileType = wrapper.framework; includeInIndex = 0; path = Pods_SwiftWiboUITests.framework; sourceTree = BUILT_PRODUCTS_DIR; };
		9D7F195A2B54F350A1413A8A /* Pods_SwiftWiboTests.framework */ = {isa = PBXFileReference; explicitFileType = wrapper.framework; includeInIndex = 0; path = Pods_SwiftWiboTests.framework; sourceTree = BUILT_PRODUCTS_DIR; };
		A73AAEE71E8D1A3F00DAFBAD /* EPMEmojCollectionView.swift */ = {isa = PBXFileReference; fileEncoding = 4; lastKnownFileType = sourcecode.swift; path = EPMEmojCollectionView.swift; sourceTree = "<group>"; };
		A73AAEE91E8D2F5000DAFBAD /* EPMbottombtnView.swift */ = {isa = PBXFileReference; fileEncoding = 4; lastKnownFileType = sourcecode.swift; path = EPMbottombtnView.swift; sourceTree = "<group>"; };
		A73AAEEB1E8D4D9400DAFBAD /* EPMEmotionPageView.swift */ = {isa = PBXFileReference; fileEncoding = 4; lastKnownFileType = sourcecode.swift; path = EPMEmotionPageView.swift; sourceTree = "<group>"; };
		A73AAEED1E8D5A7400DAFBAD /* EPMEmotionPageCell.swift */ = {isa = PBXFileReference; fileEncoding = 4; lastKnownFileType = sourcecode.swift; path = EPMEmotionPageCell.swift; sourceTree = "<group>"; };
		A756B6681E7E9A9F00F76A2D /* Masonry.framework */ = {isa = PBXFileReference; lastKnownFileType = wrapper.framework; name = Masonry.framework; path = "../../Library/Developer/Xcode/DerivedData/SwiftWibo-hgascnrjlfotggavhgktlnwqtebb/Build/Products/Debug-iphonesimulator/Masonry/Masonry.framework"; sourceTree = "<group>"; };
		A756B6861E7EA0B100F76A2D /* EPMMainTabBarController.swift */ = {isa = PBXFileReference; fileEncoding = 4; lastKnownFileType = sourcecode.swift; path = EPMMainTabBarController.swift; sourceTree = "<group>"; };
		A756B68A1E7EA11B00F76A2D /* EPMMessageViewController.swift */ = {isa = PBXFileReference; fileEncoding = 4; lastKnownFileType = sourcecode.swift; path = EPMMessageViewController.swift; sourceTree = "<group>"; };
		A756B68C1E7EA13400F76A2D /* EPMProfileViewController.swift */ = {isa = PBXFileReference; fileEncoding = 4; lastKnownFileType = sourcecode.swift; path = EPMProfileViewController.swift; sourceTree = "<group>"; };
		A756B68E1E7EA14700F76A2D /* EPMDiscoverViewController.swift */ = {isa = PBXFileReference; fileEncoding = 4; lastKnownFileType = sourcecode.swift; path = EPMDiscoverViewController.swift; sourceTree = "<group>"; };
		A756B6901E7EA15A00F76A2D /* EPMHomeViewController.swift */ = {isa = PBXFileReference; fileEncoding = 4; lastKnownFileType = sourcecode.swift; path = EPMHomeViewController.swift; sourceTree = "<group>"; };
		A756B6921E7EA9A300F76A2D /* EPBaseNavigationController.swift */ = {isa = PBXFileReference; fileEncoding = 4; lastKnownFileType = sourcecode.swift; path = EPBaseNavigationController.swift; sourceTree = "<group>"; };
		A756B6951E7EABF900F76A2D /* UIBarButtonItem+Extenssion.swift */ = {isa = PBXFileReference; fileEncoding = 4; lastKnownFileType = sourcecode.swift; path = "UIBarButtonItem+Extenssion.swift"; sourceTree = "<group>"; };
		A756B6981E7EAEDB00F76A2D /* EPMTabBar.swift */ = {isa = PBXFileReference; fileEncoding = 4; lastKnownFileType = sourcecode.swift; path = EPMTabBar.swift; sourceTree = "<group>"; };
		A756B69A1E7EB7CE00F76A2D /* EPMBaseViewController.swift */ = {isa = PBXFileReference; fileEncoding = 4; lastKnownFileType = sourcecode.swift; path = EPMBaseViewController.swift; sourceTree = "<group>"; };
		A756B69D1E7EBA9200F76A2D /* EPMTestViewController.swift */ = {isa = PBXFileReference; fileEncoding = 4; lastKnownFileType = sourcecode.swift; path = EPMTestViewController.swift; sourceTree = "<group>"; };
		A78F5BD01E7F93F700FE9AAA /* UIView+Extenssion.swift */ = {isa = PBXFileReference; fileEncoding = 4; lastKnownFileType = sourcecode.swift; path = "UIView+Extenssion.swift"; sourceTree = "<group>"; };
		A78F5BD51E7F9A9300FE9AAA /* EPMVistorView.swift */ = {isa = PBXFileReference; fileEncoding = 4; lastKnownFileType = sourcecode.swift; path = EPMVistorView.swift; sourceTree = "<group>"; };
		A78F5CEA1E829D3A00FE9AAA /* EPMNetworkingTool.swift */ = {isa = PBXFileReference; fileEncoding = 4; lastKnownFileType = sourcecode.swift; name = EPMNetworkingTool.swift; path = extenssion/EPMNetworkingTool.swift; sourceTree = "<group>"; };
		A78F5CEC1E82A3C200FE9AAA /* EPMUserAccountModelView.swift */ = {isa = PBXFileReference; fileEncoding = 4; lastKnownFileType = sourcecode.swift; path = EPMUserAccountModelView.swift; sourceTree = "<group>"; };
		A78F5CEF1E82A52100FE9AAA /* EPMOAuthViewController.swift */ = {isa = PBXFileReference; fileEncoding = 4; lastKnownFileType = sourcecode.swift; path = EPMOAuthViewController.swift; sourceTree = "<group>"; };
		A78F5CF11E82D60D00FE9AAA /* commen.swift */ = {isa = PBXFileReference; fileEncoding = 4; lastKnownFileType = sourcecode.swift; path = commen.swift; sourceTree = "<group>"; };
		A78F5CF31E83679B00FE9AAA /* EPMUserInfoModel.swift */ = {isa = PBXFileReference; fileEncoding = 4; lastKnownFileType = sourcecode.swift; path = EPMUserInfoModel.swift; sourceTree = "<group>"; };
		A78F5CF51E839FAA00FE9AAA /* EPMWelcomViewController.swift */ = {isa = PBXFileReference; fileEncoding = 4; lastKnownFileType = sourcecode.swift; path = EPMWelcomViewController.swift; sourceTree = "<group>"; };
		A78F5D061E853C9400FE9AAA /* EPMHomeTableViewCell.swift */ = {isa = PBXFileReference; fileEncoding = 4; lastKnownFileType = sourcecode.swift; path = EPMHomeTableViewCell.swift; sourceTree = "<group>"; };
		A78F5D0B1E85418100FE9AAA /* EPMHomeViewModel.swift */ = {isa = PBXFileReference; fileEncoding = 4; lastKnownFileType = sourcecode.swift; path = EPMHomeViewModel.swift; sourceTree = "<group>"; };
		A78F5D0D1E85419900FE9AAA /* EPMHomeModel.swift */ = {isa = PBXFileReference; fileEncoding = 4; lastKnownFileType = sourcecode.swift; path = EPMHomeModel.swift; sourceTree = "<group>"; };
		A78F5D0F1E8542B000FE9AAA /* EPMHomeStatueViewModel.swift */ = {isa = PBXFileReference; fileEncoding = 4; lastKnownFileType = sourcecode.swift; path = EPMHomeStatueViewModel.swift; sourceTree = "<group>"; };
		A78F5D111E8548F100FE9AAA /* EPMHomeUserModel.swift */ = {isa = PBXFileReference; fileEncoding = 4; lastKnownFileType = sourcecode.swift; path = EPMHomeUserModel.swift; sourceTree = "<group>"; };
		A78F5D141E8554F500FE9AAA /* EPMOrignialView.swift */ = {isa = PBXFileReference; fileEncoding = 4; lastKnownFileType = sourcecode.swift; path = EPMOrignialView.swift; sourceTree = "<group>"; };
		A78F5D161E85554200FE9AAA /* EPMHomeRetweetView.swift */ = {isa = PBXFileReference; fileEncoding = 4; lastKnownFileType = sourcecode.swift; path = EPMHomeRetweetView.swift; sourceTree = "<group>"; };
		A78F5D181E85554F00FE9AAA /* EPMBottomView.swift */ = {isa = PBXFileReference; fileEncoding = 4; lastKnownFileType = sourcecode.swift; path = EPMBottomView.swift; sourceTree = "<group>"; };
		A78F5D1D1E869CB100FE9AAA /* EPMPictureUrlModel.swift */ = {isa = PBXFileReference; fileEncoding = 4; lastKnownFileType = sourcecode.swift; path = EPMPictureUrlModel.swift; sourceTree = "<group>"; };
		A78F5D1F1E869D0E00FE9AAA /* EPMPictureView.swift */ = {isa = PBXFileReference; fileEncoding = 4; lastKnownFileType = sourcecode.swift; path = EPMPictureView.swift; sourceTree = "<group>"; };
		A78F5D721E89453000FE9AAA /* EPMRefreshControl.swift */ = {isa = PBXFileReference; fileEncoding = 4; lastKnownFileType = sourcecode.swift; path = EPMRefreshControl.swift; sourceTree = "<group>"; };
		A78F5D761E89671400FE9AAA /* EPMComposeView.swift */ = {isa = PBXFileReference; fileEncoding = 4; lastKnownFileType = sourcecode.swift; path = EPMComposeView.swift; sourceTree = "<group>"; };
		A78F5D7B1E8967AB00FE9AAA /* UIImage+ImageEffects.h */ = {isa = PBXFileReference; fileEncoding = 4; lastKnownFileType = sourcecode.c.h; path = "UIImage+ImageEffects.h"; sourceTree = "<group>"; };
		A78F5D7C1E8967AB00FE9AAA /* UIImage+ImageEffects.m */ = {isa = PBXFileReference; fileEncoding = 4; lastKnownFileType = sourcecode.c.objc; path = "UIImage+ImageEffects.m"; sourceTree = "<group>"; };
		A78F5D931E8A7B4F00FE9AAA /* EPMComposeButton.swift */ = {isa = PBXFileReference; fileEncoding = 4; lastKnownFileType = sourcecode.swift; path = EPMComposeButton.swift; sourceTree = "<group>"; };
		A78F5D961E8A822C00FE9AAA /* compose.plist */ = {isa = PBXFileReference; fileEncoding = 4; lastKnownFileType = text.plist.xml; path = compose.plist; sourceTree = "<group>"; };
		A78F5D991E8A828200FE9AAA /* EPMComposeModel.swift */ = {isa = PBXFileReference; fileEncoding = 4; lastKnownFileType = sourcecode.swift; path = EPMComposeModel.swift; sourceTree = "<group>"; };
		A78F5D9D1E8A9BE700FE9AAA /* EPMComposeViewController.swift */ = {isa = PBXFileReference; fileEncoding = 4; lastKnownFileType = sourcecode.swift; path = EPMComposeViewController.swift; sourceTree = "<group>"; };
		A78F5D9F1E8AB86700FE9AAA /* EPMComposeTextView.swift */ = {isa = PBXFileReference; fileEncoding = 4; lastKnownFileType = sourcecode.swift; path = EPMComposeTextView.swift; sourceTree = "<group>"; };
		A78F5DA11E8ADA1D00FE9AAA /* EPMComposeBottomView.swift */ = {isa = PBXFileReference; fileEncoding = 4; lastKnownFileType = sourcecode.swift; path = EPMComposeBottomView.swift; sourceTree = "<group>"; };
		A78F5DA31E8B555A00FE9AAA /* EPMComposePictureView.swift */ = {isa = PBXFileReference; fileEncoding = 4; lastKnownFileType = sourcecode.swift; path = EPMComposePictureView.swift; sourceTree = "<group>"; };
		A7BC68D21E7E979500DFDCEC /* SwiftWibo.app */ = {isa = PBXFileReference; explicitFileType = wrapper.application; includeInIndex = 0; path = SwiftWibo.app; sourceTree = BUILT_PRODUCTS_DIR; };
		A7BC68D51E7E979500DFDCEC /* AppDelegate.swift */ = {isa = PBXFileReference; lastKnownFileType = sourcecode.swift; path = AppDelegate.swift; sourceTree = "<group>"; };
		A7BC68DD1E7E979500DFDCEC /* SwiftWibo.xcdatamodel */ = {isa = PBXFileReference; lastKnownFileType = wrapper.xcdatamodel; path = SwiftWibo.xcdatamodel; sourceTree = "<group>"; };
		A7BC68DF1E7E979500DFDCEC /* Assets.xcassets */ = {isa = PBXFileReference; lastKnownFileType = folder.assetcatalog; path = Assets.xcassets; sourceTree = "<group>"; };
		A7BC68E21E7E979500DFDCEC /* Base */ = {isa = PBXFileReference; lastKnownFileType = file.storyboard; name = Base; path = Base.lproj/LaunchScreen.storyboard; sourceTree = "<group>"; };
		A7BC68E41E7E979500DFDCEC /* Info.plist */ = {isa = PBXFileReference; lastKnownFileType = text.plist.xml; path = Info.plist; sourceTree = "<group>"; };
		A7BC68E91E7E979500DFDCEC /* SwiftWiboTests.xctest */ = {isa = PBXFileReference; explicitFileType = wrapper.cfbundle; includeInIndex = 0; path = SwiftWiboTests.xctest; sourceTree = BUILT_PRODUCTS_DIR; };
		A7BC68ED1E7E979500DFDCEC /* SwiftWiboTests.swift */ = {isa = PBXFileReference; lastKnownFileType = sourcecode.swift; path = SwiftWiboTests.swift; sourceTree = "<group>"; };
		A7BC68EF1E7E979500DFDCEC /* Info.plist */ = {isa = PBXFileReference; lastKnownFileType = text.plist.xml; path = Info.plist; sourceTree = "<group>"; };
		A7BC68F41E7E979500DFDCEC /* SwiftWiboUITests.xctest */ = {isa = PBXFileReference; explicitFileType = wrapper.cfbundle; includeInIndex = 0; path = SwiftWiboUITests.xctest; sourceTree = BUILT_PRODUCTS_DIR; };
		A7BC68F81E7E979500DFDCEC /* SwiftWiboUITests.swift */ = {isa = PBXFileReference; lastKnownFileType = sourcecode.swift; path = SwiftWiboUITests.swift; sourceTree = "<group>"; };
		A7BC68FA1E7E979500DFDCEC /* Info.plist */ = {isa = PBXFileReference; lastKnownFileType = text.plist.xml; path = Info.plist; sourceTree = "<group>"; };
		A7BC69061E7E985200DFDCEC /* SwiftWibo-Bridging-Header.h */ = {isa = PBXFileReference; lastKnownFileType = sourcecode.c.h; path = "SwiftWibo-Bridging-Header.h"; sourceTree = "<group>"; };
		CC0CA27DF69F3B5E5896E15D /* Pods_SwiftWibo.framework */ = {isa = PBXFileReference; explicitFileType = wrapper.framework; includeInIndex = 0; path = Pods_SwiftWibo.framework; sourceTree = BUILT_PRODUCTS_DIR; };
		DDCFE9FF376C60D9E87A06E0 /* Pods-SwiftWibo.debug.xcconfig */ = {isa = PBXFileReference; includeInIndex = 1; lastKnownFileType = text.xcconfig; name = "Pods-SwiftWibo.debug.xcconfig"; path = "Pods/Target Support Files/Pods-SwiftWibo/Pods-SwiftWibo.debug.xcconfig"; sourceTree = "<group>"; };
/* End PBXFileReference section */

/* Begin PBXFrameworksBuildPhase section */
		A7BC68CF1E7E979500DFDCEC /* Frameworks */ = {
			isa = PBXFrameworksBuildPhase;
			buildActionMask = 2147483647;
			files = (
				2330EF4862FE12080437592F /* Pods_SwiftWibo.framework in Frameworks */,
			);
			runOnlyForDeploymentPostprocessing = 0;
		};
		A7BC68E61E7E979500DFDCEC /* Frameworks */ = {
			isa = PBXFrameworksBuildPhase;
			buildActionMask = 2147483647;
			files = (
				38F7EAFF7B4B9300993BA9F9 /* Pods_SwiftWiboTests.framework in Frameworks */,
			);
			runOnlyForDeploymentPostprocessing = 0;
		};
		A7BC68F11E7E979500DFDCEC /* Frameworks */ = {
			isa = PBXFrameworksBuildPhase;
			buildActionMask = 2147483647;
			files = (
				7157B29DB624918C8233FFCB /* Pods_SwiftWiboUITests.framework in Frameworks */,
			);
			runOnlyForDeploymentPostprocessing = 0;
		};
/* End PBXFrameworksBuildPhase section */

/* Begin PBXGroup section */
		082D9633B450B0A6F269C7C8 /* Pods */ = {
			isa = PBXGroup;
			children = (
				DDCFE9FF376C60D9E87A06E0 /* Pods-SwiftWibo.debug.xcconfig */,
				2ED990E17AF2342B15061A6C /* Pods-SwiftWibo.release.xcconfig */,
				66B7E907F1634625A34C3806 /* Pods-SwiftWiboTests.debug.xcconfig */,
				4C4FD6C804710F1D1E04AB32 /* Pods-SwiftWiboTests.release.xcconfig */,
				32FD62880E3D1130FD9D6A63 /* Pods-SwiftWiboUITests.debug.xcconfig */,
				3CA5E6317175A6606D230025 /* Pods-SwiftWiboUITests.release.xcconfig */,
			);
			name = Pods;
			sourceTree = "<group>";
		};
		9274B6D33461178070D78F0B /* Frameworks */ = {
			isa = PBXGroup;
			children = (
				A756B6681E7E9A9F00F76A2D /* Masonry.framework */,
				CC0CA27DF69F3B5E5896E15D /* Pods_SwiftWibo.framework */,
				9D7F195A2B54F350A1413A8A /* Pods_SwiftWiboTests.framework */,
				7B66EB86B1E7A055CE796995 /* Pods_SwiftWiboUITests.framework */,
			);
			name = Frameworks;
			sourceTree = "<group>";
		};
		A73AAEE61E8D1A0300DAFBAD /* EmojView */ = {
			isa = PBXGroup;
			children = (
				A73AAEE71E8D1A3F00DAFBAD /* EPMEmojCollectionView.swift */,
				A73AAEE91E8D2F5000DAFBAD /* EPMbottombtnView.swift */,
				A73AAEEB1E8D4D9400DAFBAD /* EPMEmotionPageView.swift */,
				A73AAEED1E8D5A7400DAFBAD /* EPMEmotionPageCell.swift */,
			);
			path = EmojView;
			sourceTree = "<group>";
		};
		A756B66A1E7E9D5800F76A2D /* Classes */ = {
			isa = PBXGroup;
			children = (
				A78F5D951E8A81E300FE9AAA /* Supplitation */,
				A756B67B1E7E9D5800F76A2D /* ViewModel */,
				A756B66B1E7E9D5800F76A2D /* Model */,
				A756B66D1E7E9D5800F76A2D /* Tools */,
				A756B66F1E7E9D5800F76A2D /* View */,
			);
			path = Classes;
			sourceTree = "<group>";
		};
		A756B66B1E7E9D5800F76A2D /* Model */ = {
			isa = PBXGroup;
			children = (
				A78F5D981E8A823800FE9AAA /* Compose */,
				A78F5D081E853CA400FE9AAA /* Home */,
				A78F5CF31E83679B00FE9AAA /* EPMUserInfoModel.swift */,
			);
			path = Model;
			sourceTree = "<group>";
		};
		A756B66D1E7E9D5800F76A2D /* Tools */ = {
			isa = PBXGroup;
			children = (
				A78F5D791E8967AB00FE9AAA /* Lib */,
				A78F5CEA1E829D3A00FE9AAA /* EPMNetworkingTool.swift */,
				A78F5CF11E82D60D00FE9AAA /* commen.swift */,
				A78F5D721E89453000FE9AAA /* EPMRefreshControl.swift */,
				A756B6941E7EAB9B00F76A2D /* extenssion */,
			);
			path = Tools;
			sourceTree = "<group>";
		};
		A756B66F1E7E9D5800F76A2D /* View */ = {
			isa = PBXGroup;
			children = (
				A78F5D741E89663300FE9AAA /* Compose */,
				A78F5CEE1E82A4DB00FE9AAA /* OAuth */,
				A756B69C1E7EBA6800F76A2D /* Other */,
				A756B6771E7E9D5800F76A2D /* Message */,
				A756B6791E7E9D5800F76A2D /* Profile */,
				A756B6711E7E9D5800F76A2D /* Discover */,
				A756B6731E7E9D5800F76A2D /* Home */,
				A756B6751E7E9D5800F76A2D /* Main */,
			);
			path = View;
			sourceTree = "<group>";
		};
		A756B6711E7E9D5800F76A2D /* Discover */ = {
			isa = PBXGroup;
			children = (
				A756B68E1E7EA14700F76A2D /* EPMDiscoverViewController.swift */,
			);
			path = Discover;
			sourceTree = "<group>";
		};
		A756B6731E7E9D5800F76A2D /* Home */ = {
			isa = PBXGroup;
			children = (
				A78F5D051E853C5A00FE9AAA /* View */,
				A756B6901E7EA15A00F76A2D /* EPMHomeViewController.swift */,
			);
			path = Home;
			sourceTree = "<group>";
		};
		A756B6751E7E9D5800F76A2D /* Main */ = {
			isa = PBXGroup;
			children = (
				A756B6971E7EAEB100F76A2D /* View */,
				A756B6861E7EA0B100F76A2D /* EPMMainTabBarController.swift */,
				A756B69A1E7EB7CE00F76A2D /* EPMBaseViewController.swift */,
				A756B6921E7EA9A300F76A2D /* EPBaseNavigationController.swift */,
			);
			path = Main;
			sourceTree = "<group>";
		};
		A756B6771E7E9D5800F76A2D /* Message */ = {
			isa = PBXGroup;
			children = (
				A756B68A1E7EA11B00F76A2D /* EPMMessageViewController.swift */,
			);
			path = Message;
			sourceTree = "<group>";
		};
		A756B6791E7E9D5800F76A2D /* Profile */ = {
			isa = PBXGroup;
			children = (
				A756B68C1E7EA13400F76A2D /* EPMProfileViewController.swift */,
			);
			path = Profile;
			sourceTree = "<group>";
		};
		A756B67B1E7E9D5800F76A2D /* ViewModel */ = {
			isa = PBXGroup;
			children = (
				A78F5D091E853CBD00FE9AAA /* Home */,
				A78F5CEC1E82A3C200FE9AAA /* EPMUserAccountModelView.swift */,
			);
			path = ViewModel;
			sourceTree = "<group>";
		};
		A756B6941E7EAB9B00F76A2D /* extenssion */ = {
			isa = PBXGroup;
			children = (
				A756B6951E7EABF900F76A2D /* UIBarButtonItem+Extenssion.swift */,
				A78F5BD01E7F93F700FE9AAA /* UIView+Extenssion.swift */,
			);
			path = extenssion;
			sourceTree = "<group>";
		};
		A756B6971E7EAEB100F76A2D /* View */ = {
			isa = PBXGroup;
			children = (
				A756B6981E7EAEDB00F76A2D /* EPMTabBar.swift */,
				A78F5BD51E7F9A9300FE9AAA /* EPMVistorView.swift */,
			);
			path = View;
			sourceTree = "<group>";
		};
		A756B69C1E7EBA6800F76A2D /* Other */ = {
			isa = PBXGroup;
			children = (
				A756B69D1E7EBA9200F76A2D /* EPMTestViewController.swift */,
			);
			path = Other;
			sourceTree = "<group>";
		};
		A78F5CEE1E82A4DB00FE9AAA /* OAuth */ = {
			isa = PBXGroup;
			children = (
				A78F5CEF1E82A52100FE9AAA /* EPMOAuthViewController.swift */,
				A78F5CF51E839FAA00FE9AAA /* EPMWelcomViewController.swift */,
			);
			path = OAuth;
			sourceTree = "<group>";
		};
		A78F5D051E853C5A00FE9AAA /* View */ = {
			isa = PBXGroup;
			children = (
				A78F5D061E853C9400FE9AAA /* EPMHomeTableViewCell.swift */,
				A78F5D141E8554F500FE9AAA /* EPMOrignialView.swift */,
				A78F5D161E85554200FE9AAA /* EPMHomeRetweetView.swift */,
				A78F5D181E85554F00FE9AAA /* EPMBottomView.swift */,
				A78F5D1F1E869D0E00FE9AAA /* EPMPictureView.swift */,
			);
			path = View;
			sourceTree = "<group>";
		};
		A78F5D081E853CA400FE9AAA /* Home */ = {
			isa = PBXGroup;
			children = (
				A78F5D0D1E85419900FE9AAA /* EPMHomeModel.swift */,
				A78F5D111E8548F100FE9AAA /* EPMHomeUserModel.swift */,
				A78F5D1D1E869CB100FE9AAA /* EPMPictureUrlModel.swift */,
			);
			path = Home;
			sourceTree = "<group>";
		};
		A78F5D091E853CBD00FE9AAA /* Home */ = {
			isa = PBXGroup;
			children = (
				A78F5D0B1E85418100FE9AAA /* EPMHomeViewModel.swift */,
				A78F5D0F1E8542B000FE9AAA /* EPMHomeStatueViewModel.swift */,
			);
			path = Home;
			sourceTree = "<group>";
		};
		A78F5D741E89663300FE9AAA /* Compose */ = {
			isa = PBXGroup;
			children = (
				A78F5D751E8966ED00FE9AAA /* View */,
				A78F5D9D1E8A9BE700FE9AAA /* EPMComposeViewController.swift */,
			);
			path = Compose;
			sourceTree = "<group>";
		};
		A78F5D751E8966ED00FE9AAA /* View */ = {
			isa = PBXGroup;
			children = (
				A73AAEE61E8D1A0300DAFBAD /* EmojView */,
				A78F5D761E89671400FE9AAA /* EPMComposeView.swift */,
				A78F5D931E8A7B4F00FE9AAA /* EPMComposeButton.swift */,
				A78F5D9F1E8AB86700FE9AAA /* EPMComposeTextView.swift */,
				A78F5DA11E8ADA1D00FE9AAA /* EPMComposeBottomView.swift */,
				A78F5DA31E8B555A00FE9AAA /* EPMComposePictureView.swift */,
			);
			path = View;
			sourceTree = "<group>";
		};
		A78F5D791E8967AB00FE9AAA /* Lib */ = {
			isa = PBXGroup;
			children = (
				A78F5D7A1E8967AB00FE9AAA /* ImageEffects */,
			);
			path = Lib;
			sourceTree = "<group>";
		};
		A78F5D7A1E8967AB00FE9AAA /* ImageEffects */ = {
			isa = PBXGroup;
			children = (
				A78F5D7B1E8967AB00FE9AAA /* UIImage+ImageEffects.h */,
				A78F5D7C1E8967AB00FE9AAA /* UIImage+ImageEffects.m */,
			);
			path = ImageEffects;
			sourceTree = "<group>";
		};
		A78F5D951E8A81E300FE9AAA /* Supplitation */ = {
			isa = PBXGroup;
			children = (
				A78F5D961E8A822C00FE9AAA /* compose.plist */,
			);
			path = Supplitation;
			sourceTree = "<group>";
		};
		A78F5D981E8A823800FE9AAA /* Compose */ = {
			isa = PBXGroup;
			children = (
				A78F5D991E8A828200FE9AAA /* EPMComposeModel.swift */,
			);
			path = Compose;
			sourceTree = "<group>";
		};
		A7BC68C91E7E979500DFDCEC = {
			isa = PBXGroup;
			children = (
				A7BC68D41E7E979500DFDCEC /* SwiftWibo */,
				A7BC68EC1E7E979500DFDCEC /* SwiftWiboTests */,
				A7BC68F71E7E979500DFDCEC /* SwiftWiboUITests */,
				A7BC68D31E7E979500DFDCEC /* Products */,
				082D9633B450B0A6F269C7C8 /* Pods */,
				9274B6D33461178070D78F0B /* Frameworks */,
			);
			sourceTree = "<group>";
		};
		A7BC68D31E7E979500DFDCEC /* Products */ = {
			isa = PBXGroup;
			children = (
				A7BC68D21E7E979500DFDCEC /* SwiftWibo.app */,
				A7BC68E91E7E979500DFDCEC /* SwiftWiboTests.xctest */,
				A7BC68F41E7E979500DFDCEC /* SwiftWiboUITests.xctest */,
			);
			name = Products;
			sourceTree = "<group>";
		};
		A7BC68D41E7E979500DFDCEC /* SwiftWibo */ = {
			isa = PBXGroup;
			children = (
				A756B66A1E7E9D5800F76A2D /* Classes */,
				A7BC68D51E7E979500DFDCEC /* AppDelegate.swift */,
				A7BC69061E7E985200DFDCEC /* SwiftWibo-Bridging-Header.h */,
				A7BC68DF1E7E979500DFDCEC /* Assets.xcassets */,
				A7BC68E11E7E979500DFDCEC /* LaunchScreen.storyboard */,
				A7BC68E41E7E979500DFDCEC /* Info.plist */,
				A7BC68DC1E7E979500DFDCEC /* SwiftWibo.xcdatamodeld */,
			);
			path = SwiftWibo;
			sourceTree = "<group>";
		};
		A7BC68EC1E7E979500DFDCEC /* SwiftWiboTests */ = {
			isa = PBXGroup;
			children = (
				A7BC68ED1E7E979500DFDCEC /* SwiftWiboTests.swift */,
				A7BC68EF1E7E979500DFDCEC /* Info.plist */,
			);
			path = SwiftWiboTests;
			sourceTree = "<group>";
		};
		A7BC68F71E7E979500DFDCEC /* SwiftWiboUITests */ = {
			isa = PBXGroup;
			children = (
				A7BC68F81E7E979500DFDCEC /* SwiftWiboUITests.swift */,
				A7BC68FA1E7E979500DFDCEC /* Info.plist */,
			);
			path = SwiftWiboUITests;
			sourceTree = "<group>";
		};
/* End PBXGroup section */

/* Begin PBXNativeTarget section */
		A7BC68D11E7E979500DFDCEC /* SwiftWibo */ = {
			isa = PBXNativeTarget;
			buildConfigurationList = A7BC68FD1E7E979500DFDCEC /* Build configuration list for PBXNativeTarget "SwiftWibo" */;
			buildPhases = (
				51EEA30003DAA5509E485702 /* [CP] Check Pods Manifest.lock */,
				A7BC68CE1E7E979500DFDCEC /* Sources */,
				A7BC68CF1E7E979500DFDCEC /* Frameworks */,
				A7BC68D01E7E979500DFDCEC /* Resources */,
				2C2E216D83ED6CE9CFD803BC /* [CP] Embed Pods Frameworks */,
				05BD6ACF8E3526E9A666128A /* [CP] Copy Pods Resources */,
			);
			buildRules = (
			);
			dependencies = (
			);
			name = SwiftWibo;
			productName = SwiftWibo;
			productReference = A7BC68D21E7E979500DFDCEC /* SwiftWibo.app */;
			productType = "com.apple.product-type.application";
		};
		A7BC68E81E7E979500DFDCEC /* SwiftWiboTests */ = {
			isa = PBXNativeTarget;
			buildConfigurationList = A7BC69001E7E979500DFDCEC /* Build configuration list for PBXNativeTarget "SwiftWiboTests" */;
			buildPhases = (
				CE08E8CD6DF68FFC53E04301 /* [CP] Check Pods Manifest.lock */,
				A7BC68E51E7E979500DFDCEC /* Sources */,
				A7BC68E61E7E979500DFDCEC /* Frameworks */,
				A7BC68E71E7E979500DFDCEC /* Resources */,
				43609838352090E78E0F82D7 /* [CP] Embed Pods Frameworks */,
				CABF1AE593D4CE3B230BCC91 /* [CP] Copy Pods Resources */,
			);
			buildRules = (
			);
			dependencies = (
				A7BC68EB1E7E979500DFDCEC /* PBXTargetDependency */,
			);
			name = SwiftWiboTests;
			productName = SwiftWiboTests;
			productReference = A7BC68E91E7E979500DFDCEC /* SwiftWiboTests.xctest */;
			productType = "com.apple.product-type.bundle.unit-test";
		};
		A7BC68F31E7E979500DFDCEC /* SwiftWiboUITests */ = {
			isa = PBXNativeTarget;
			buildConfigurationList = A7BC69031E7E979500DFDCEC /* Build configuration list for PBXNativeTarget "SwiftWiboUITests" */;
			buildPhases = (
				EEBE2E8DF6DEE5EC70609F74 /* [CP] Check Pods Manifest.lock */,
				A7BC68F01E7E979500DFDCEC /* Sources */,
				A7BC68F11E7E979500DFDCEC /* Frameworks */,
				A7BC68F21E7E979500DFDCEC /* Resources */,
				BC95D4979B72D985B2196ED4 /* [CP] Embed Pods Frameworks */,
				9A40634C243CDEB036567E1A /* [CP] Copy Pods Resources */,
			);
			buildRules = (
			);
			dependencies = (
				A7BC68F61E7E979500DFDCEC /* PBXTargetDependency */,
			);
			name = SwiftWiboUITests;
			productName = SwiftWiboUITests;
			productReference = A7BC68F41E7E979500DFDCEC /* SwiftWiboUITests.xctest */;
			productType = "com.apple.product-type.bundle.ui-testing";
		};
/* End PBXNativeTarget section */

/* Begin PBXProject section */
		A7BC68CA1E7E979500DFDCEC /* Project object */ = {
			isa = PBXProject;
			attributes = {
				CLASSPREFIX = EPM;
				LastSwiftUpdateCheck = 0820;
				LastUpgradeCheck = 0820;
				ORGANIZATIONNAME = 7TH;
				TargetAttributes = {
					A7BC68D11E7E979500DFDCEC = {
						CreatedOnToolsVersion = 8.2.1;
						ProvisioningStyle = Automatic;
					};
					A7BC68E81E7E979500DFDCEC = {
						CreatedOnToolsVersion = 8.2.1;
						ProvisioningStyle = Automatic;
						TestTargetID = A7BC68D11E7E979500DFDCEC;
					};
					A7BC68F31E7E979500DFDCEC = {
						CreatedOnToolsVersion = 8.2.1;
						ProvisioningStyle = Automatic;
						TestTargetID = A7BC68D11E7E979500DFDCEC;
					};
				};
			};
			buildConfigurationList = A7BC68CD1E7E979500DFDCEC /* Build configuration list for PBXProject "SwiftWibo" */;
			compatibilityVersion = "Xcode 3.2";
			developmentRegion = English;
			hasScannedForEncodings = 0;
			knownRegions = (
				en,
				Base,
			);
			mainGroup = A7BC68C91E7E979500DFDCEC;
			productRefGroup = A7BC68D31E7E979500DFDCEC /* Products */;
			projectDirPath = "";
			projectRoot = "";
			targets = (
				A7BC68D11E7E979500DFDCEC /* SwiftWibo */,
				A7BC68E81E7E979500DFDCEC /* SwiftWiboTests */,
				A7BC68F31E7E979500DFDCEC /* SwiftWiboUITests */,
			);
		};
/* End PBXProject section */

/* Begin PBXResourcesBuildPhase section */
		A7BC68D01E7E979500DFDCEC /* Resources */ = {
			isa = PBXResourcesBuildPhase;
			buildActionMask = 2147483647;
			files = (
				A7BC68E31E7E979500DFDCEC /* LaunchScreen.storyboard in Resources */,
				A7BC68E01E7E979500DFDCEC /* Assets.xcassets in Resources */,
				A78F5D971E8A822C00FE9AAA /* compose.plist in Resources */,
			);
			runOnlyForDeploymentPostprocessing = 0;
		};
		A7BC68E71E7E979500DFDCEC /* Resources */ = {
			isa = PBXResourcesBuildPhase;
			buildActionMask = 2147483647;
			files = (
			);
			runOnlyForDeploymentPostprocessing = 0;
		};
		A7BC68F21E7E979500DFDCEC /* Resources */ = {
			isa = PBXResourcesBuildPhase;
			buildActionMask = 2147483647;
			files = (
			);
			runOnlyForDeploymentPostprocessing = 0;
		};
/* End PBXResourcesBuildPhase section */

/* Begin PBXShellScriptBuildPhase section */
		05BD6ACF8E3526E9A666128A /* [CP] Copy Pods Resources */ = {
			isa = PBXShellScriptBuildPhase;
			buildActionMask = 2147483647;
			files = (
			);
			inputPaths = (
			);
			name = "[CP] Copy Pods Resources";
			outputPaths = (
			);
			runOnlyForDeploymentPostprocessing = 0;
			shellPath = /bin/sh;
			shellScript = "\"${SRCROOT}/Pods/Target Support Files/Pods-SwiftWibo/Pods-SwiftWibo-resources.sh\"\n";
			showEnvVarsInLog = 0;
		};
		2C2E216D83ED6CE9CFD803BC /* [CP] Embed Pods Frameworks */ = {
			isa = PBXShellScriptBuildPhase;
			buildActionMask = 2147483647;
			files = (
			);
			inputPaths = (
			);
			name = "[CP] Embed Pods Frameworks";
			outputPaths = (
			);
			runOnlyForDeploymentPostprocessing = 0;
			shellPath = /bin/sh;
			shellScript = "\"${SRCROOT}/Pods/Target Support Files/Pods-SwiftWibo/Pods-SwiftWibo-frameworks.sh\"\n";
			showEnvVarsInLog = 0;
		};
		43609838352090E78E0F82D7 /* [CP] Embed Pods Frameworks */ = {
			isa = PBXShellScriptBuildPhase;
			buildActionMask = 2147483647;
			files = (
			);
			inputPaths = (
			);
			name = "[CP] Embed Pods Frameworks";
			outputPaths = (
			);
			runOnlyForDeploymentPostprocessing = 0;
			shellPath = /bin/sh;
			shellScript = "\"${SRCROOT}/Pods/Target Support Files/Pods-SwiftWiboTests/Pods-SwiftWiboTests-frameworks.sh\"\n";
			showEnvVarsInLog = 0;
		};
		51EEA30003DAA5509E485702 /* [CP] Check Pods Manifest.lock */ = {
			isa = PBXShellScriptBuildPhase;
			buildActionMask = 2147483647;
			files = (
			);
			inputPaths = (
			);
			name = "[CP] Check Pods Manifest.lock";
			outputPaths = (
			);
			runOnlyForDeploymentPostprocessing = 0;
			shellPath = /bin/sh;
			shellScript = "diff \"${PODS_ROOT}/../Podfile.lock\" \"${PODS_ROOT}/Manifest.lock\" > /dev/null\nif [ $? != 0 ] ; then\n    # print error to STDERR\n    echo \"error: The sandbox is not in sync with the Podfile.lock. Run 'pod install' or update your CocoaPods installation.\" >&2\n    exit 1\nfi\n";
			showEnvVarsInLog = 0;
		};
		9A40634C243CDEB036567E1A /* [CP] Copy Pods Resources */ = {
			isa = PBXShellScriptBuildPhase;
			buildActionMask = 2147483647;
			files = (
			);
			inputPaths = (
			);
			name = "[CP] Copy Pods Resources";
			outputPaths = (
			);
			runOnlyForDeploymentPostprocessing = 0;
			shellPath = /bin/sh;
			shellScript = "\"${SRCROOT}/Pods/Target Support Files/Pods-SwiftWiboUITests/Pods-SwiftWiboUITests-resources.sh\"\n";
			showEnvVarsInLog = 0;
		};
		BC95D4979B72D985B2196ED4 /* [CP] Embed Pods Frameworks */ = {
			isa = PBXShellScriptBuildPhase;
			buildActionMask = 2147483647;
			files = (
			);
			inputPaths = (
			);
			name = "[CP] Embed Pods Frameworks";
			outputPaths = (
			);
			runOnlyForDeploymentPostprocessing = 0;
			shellPath = /bin/sh;
			shellScript = "\"${SRCROOT}/Pods/Target Support Files/Pods-SwiftWiboUITests/Pods-SwiftWiboUITests-frameworks.sh\"\n";
			showEnvVarsInLog = 0;
		};
		CABF1AE593D4CE3B230BCC91 /* [CP] Copy Pods Resources */ = {
			isa = PBXShellScriptBuildPhase;
			buildActionMask = 2147483647;
			files = (
			);
			inputPaths = (
			);
			name = "[CP] Copy Pods Resources";
			outputPaths = (
			);
			runOnlyForDeploymentPostprocessing = 0;
			shellPath = /bin/sh;
			shellScript = "\"${SRCROOT}/Pods/Target Support Files/Pods-SwiftWiboTests/Pods-SwiftWiboTests-resources.sh\"\n";
			showEnvVarsInLog = 0;
		};
		CE08E8CD6DF68FFC53E04301 /* [CP] Check Pods Manifest.lock */ = {
			isa = PBXShellScriptBuildPhase;
			buildActionMask = 2147483647;
			files = (
			);
			inputPaths = (
			);
			name = "[CP] Check Pods Manifest.lock";
			outputPaths = (
			);
			runOnlyForDeploymentPostprocessing = 0;
			shellPath = /bin/sh;
			shellScript = "diff \"${PODS_ROOT}/../Podfile.lock\" \"${PODS_ROOT}/Manifest.lock\" > /dev/null\nif [ $? != 0 ] ; then\n    # print error to STDERR\n    echo \"error: The sandbox is not in sync with the Podfile.lock. Run 'pod install' or update your CocoaPods installation.\" >&2\n    exit 1\nfi\n";
			showEnvVarsInLog = 0;
		};
		EEBE2E8DF6DEE5EC70609F74 /* [CP] Check Pods Manifest.lock */ = {
			isa = PBXShellScriptBuildPhase;
			buildActionMask = 2147483647;
			files = (
			);
			inputPaths = (
			);
			name = "[CP] Check Pods Manifest.lock";
			outputPaths = (
			);
			runOnlyForDeploymentPostprocessing = 0;
			shellPath = /bin/sh;
			shellScript = "diff \"${PODS_ROOT}/../Podfile.lock\" \"${PODS_ROOT}/Manifest.lock\" > /dev/null\nif [ $? != 0 ] ; then\n    # print error to STDERR\n    echo \"error: The sandbox is not in sync with the Podfile.lock. Run 'pod install' or update your CocoaPods installation.\" >&2\n    exit 1\nfi\n";
			showEnvVarsInLog = 0;
		};
/* End PBXShellScriptBuildPhase section */

/* Begin PBXSourcesBuildPhase section */
		A7BC68CE1E7E979500DFDCEC /* Sources */ = {
			isa = PBXSourcesBuildPhase;
			buildActionMask = 2147483647;
			files = (
				A78F5D191E85554F00FE9AAA /* EPMBottomView.swift in Sources */,
				A78F5CF61E839FAA00FE9AAA /* EPMWelcomViewController.swift in Sources */,
				A73AAEEC1E8D4D9400DAFBAD /* EPMEmotionPageView.swift in Sources */,
				A78F5D771E89671400FE9AAA /* EPMComposeView.swift in Sources */,
				A73AAEEA1E8D2F5000DAFBAD /* EPMbottombtnView.swift in Sources */,
				A756B6931E7EA9A300F76A2D /* EPBaseNavigationController.swift in Sources */,
				A756B6911E7EA15A00F76A2D /* EPMHomeViewController.swift in Sources */,
				A78F5CF21E82D60D00FE9AAA /* commen.swift in Sources */,
				A78F5CED1E82A3C200FE9AAA /* EPMUserAccountModelView.swift in Sources */,
				A78F5D941E8A7B4F00FE9AAA /* EPMComposeButton.swift in Sources */,
				A756B69B1E7EB7CE00F76A2D /* EPMBaseViewController.swift in Sources */,
				A78F5CF41E83679B00FE9AAA /* EPMUserInfoModel.swift in Sources */,
				A73AAEE81E8D1A3F00DAFBAD /* EPMEmojCollectionView.swift in Sources */,
				A78F5CF01E82A52100FE9AAA /* EPMOAuthViewController.swift in Sources */,
				A78F5CEB1E829D3A00FE9AAA /* EPMNetworkingTool.swift in Sources */,
				A78F5D201E869D0E00FE9AAA /* EPMPictureView.swift in Sources */,
				A7BC68D61E7E979500DFDCEC /* AppDelegate.swift in Sources */,
				A7BC68DE1E7E979500DFDCEC /* SwiftWibo.xcdatamodeld in Sources */,
				A78F5D171E85554200FE9AAA /* EPMHomeRetweetView.swift in Sources */,
				A78F5D0E1E85419900FE9AAA /* EPMHomeModel.swift in Sources */,
				A756B68F1E7EA14700F76A2D /* EPMDiscoverViewController.swift in Sources */,
				A78F5BD11E7F93F700FE9AAA /* UIView+Extenssion.swift in Sources */,
				A78F5D9A1E8A828200FE9AAA /* EPMComposeModel.swift in Sources */,
				A78F5D9E1E8A9BE700FE9AAA /* EPMComposeViewController.swift in Sources */,
				A78F5D151E8554F500FE9AAA /* EPMOrignialView.swift in Sources */,
				A78F5DA41E8B555A00FE9AAA /* EPMComposePictureView.swift in Sources */,
				A756B68B1E7EA11B00F76A2D /* EPMMessageViewController.swift in Sources */,
				A78F5D0C1E85418100FE9AAA /* EPMHomeViewModel.swift in Sources */,
				A78F5D071E853C9400FE9AAA /* EPMHomeTableViewCell.swift in Sources */,
				A78F5DA21E8ADA1D00FE9AAA /* EPMComposeBottomView.swift in Sources */,
				A756B69E1E7EBA9200F76A2D /* EPMTestViewController.swift in Sources */,
				A756B6991E7EAEDB00F76A2D /* EPMTabBar.swift in Sources */,
				A78F5D121E8548F100FE9AAA /* EPMHomeUserModel.swift in Sources */,
				A756B6961E7EABF900F76A2D /* UIBarButtonItem+Extenssion.swift in Sources */,
				A78F5DA01E8AB86700FE9AAA /* EPMComposeTextView.swift in Sources */,
				A73AAEEE1E8D5A7400DAFBAD /* EPMEmotionPageCell.swift in Sources */,
				A78F5D7D1E8967AB00FE9AAA /* UIImage+ImageEffects.m in Sources */,
				A78F5D101E8542B000FE9AAA /* EPMHomeStatueViewModel.swift in Sources */,
				A78F5D731E89453000FE9AAA /* EPMRefreshControl.swift in Sources */,
				A756B6871E7EA0B100F76A2D /* EPMMainTabBarController.swift in Sources */,
				A78F5BD61E7F9A9300FE9AAA /* EPMVistorView.swift in Sources */,
				A756B68D1E7EA13400F76A2D /* EPMProfileViewController.swift in Sources */,
				A78F5D1E1E869CB100FE9AAA /* EPMPictureUrlModel.swift in Sources */,
			);
			runOnlyForDeploymentPostprocessing = 0;
		};
		A7BC68E51E7E979500DFDCEC /* Sources */ = {
			isa = PBXSourcesBuildPhase;
			buildActionMask = 2147483647;
			files = (
				A7BC68EE1E7E979500DFDCEC /* SwiftWiboTests.swift in Sources */,
			);
			runOnlyForDeploymentPostprocessing = 0;
		};
		A7BC68F01E7E979500DFDCEC /* Sources */ = {
			isa = PBXSourcesBuildPhase;
			buildActionMask = 2147483647;
			files = (
				A7BC68F91E7E979500DFDCEC /* SwiftWiboUITests.swift in Sources */,
			);
			runOnlyForDeploymentPostprocessing = 0;
		};
/* End PBXSourcesBuildPhase section */

/* Begin PBXTargetDependency section */
		A7BC68EB1E7E979500DFDCEC /* PBXTargetDependency */ = {
			isa = PBXTargetDependency;
			target = A7BC68D11E7E979500DFDCEC /* SwiftWibo */;
			targetProxy = A7BC68EA1E7E979500DFDCEC /* PBXContainerItemProxy */;
		};
		A7BC68F61E7E979500DFDCEC /* PBXTargetDependency */ = {
			isa = PBXTargetDependency;
			target = A7BC68D11E7E979500DFDCEC /* SwiftWibo */;
			targetProxy = A7BC68F51E7E979500DFDCEC /* PBXContainerItemProxy */;
		};
/* End PBXTargetDependency section */

/* Begin PBXVariantGroup section */
		A7BC68E11E7E979500DFDCEC /* LaunchScreen.storyboard */ = {
			isa = PBXVariantGroup;
			children = (
				A7BC68E21E7E979500DFDCEC /* Base */,
			);
			name = LaunchScreen.storyboard;
			sourceTree = "<group>";
		};
/* End PBXVariantGroup section */

/* Begin XCBuildConfiguration section */
		A7BC68FB1E7E979500DFDCEC /* Debug */ = {
			isa = XCBuildConfiguration;
			buildSettings = {
				ALWAYS_SEARCH_USER_PATHS = NO;
				CLANG_ANALYZER_NONNULL = YES;
				CLANG_CXX_LANGUAGE_STANDARD = "gnu++0x";
				CLANG_CXX_LIBRARY = "libc++";
				CLANG_ENABLE_MODULES = YES;
				CLANG_ENABLE_OBJC_ARC = YES;
				CLANG_WARN_BOOL_CONVERSION = YES;
				CLANG_WARN_CONSTANT_CONVERSION = YES;
				CLANG_WARN_DIRECT_OBJC_ISA_USAGE = YES_ERROR;
				CLANG_WARN_DOCUMENTATION_COMMENTS = YES;
				CLANG_WARN_EMPTY_BODY = YES;
				CLANG_WARN_ENUM_CONVERSION = YES;
				CLANG_WARN_INFINITE_RECURSION = YES;
				CLANG_WARN_INT_CONVERSION = YES;
				CLANG_WARN_OBJC_ROOT_CLASS = YES_ERROR;
				CLANG_WARN_SUSPICIOUS_MOVE = YES;
				CLANG_WARN_UNREACHABLE_CODE = YES;
				CLANG_WARN__DUPLICATE_METHOD_MATCH = YES;
				"CODE_SIGN_IDENTITY[sdk=iphoneos*]" = "iPhone Developer";
				COPY_PHASE_STRIP = NO;
				DEBUG_INFORMATION_FORMAT = dwarf;
				ENABLE_STRICT_OBJC_MSGSEND = YES;
				ENABLE_TESTABILITY = YES;
				GCC_C_LANGUAGE_STANDARD = gnu99;
				GCC_DYNAMIC_NO_PIC = NO;
				GCC_NO_COMMON_BLOCKS = YES;
				GCC_OPTIMIZATION_LEVEL = 0;
				GCC_PREPROCESSOR_DEFINITIONS = (
					"DEBUG=1",
					"$(inherited)",
				);
				GCC_WARN_64_TO_32_BIT_CONVERSION = YES;
				GCC_WARN_ABOUT_RETURN_TYPE = YES_ERROR;
				GCC_WARN_UNDECLARED_SELECTOR = YES;
				GCC_WARN_UNINITIALIZED_AUTOS = YES_AGGRESSIVE;
				GCC_WARN_UNUSED_FUNCTION = YES;
				GCC_WARN_UNUSED_VARIABLE = YES;
				IPHONEOS_DEPLOYMENT_TARGET = 10.2;
				MTL_ENABLE_DEBUG_INFO = YES;
				ONLY_ACTIVE_ARCH = YES;
				SDKROOT = iphoneos;
				SWIFT_ACTIVE_COMPILATION_CONDITIONS = DEBUG;
				SWIFT_OPTIMIZATION_LEVEL = "-Onone";
				TARGETED_DEVICE_FAMILY = "1,2";
			};
			name = Debug;
		};
		A7BC68FC1E7E979500DFDCEC /* Release */ = {
			isa = XCBuildConfiguration;
			buildSettings = {
				ALWAYS_SEARCH_USER_PATHS = NO;
				CLANG_ANALYZER_NONNULL = YES;
				CLANG_CXX_LANGUAGE_STANDARD = "gnu++0x";
				CLANG_CXX_LIBRARY = "libc++";
				CLANG_ENABLE_MODULES = YES;
				CLANG_ENABLE_OBJC_ARC = YES;
				CLANG_WARN_BOOL_CONVERSION = YES;
				CLANG_WARN_CONSTANT_CONVERSION = YES;
				CLANG_WARN_DIRECT_OBJC_ISA_USAGE = YES_ERROR;
				CLANG_WARN_DOCUMENTATION_COMMENTS = YES;
				CLANG_WARN_EMPTY_BODY = YES;
				CLANG_WARN_ENUM_CONVERSION = YES;
				CLANG_WARN_INFINITE_RECURSION = YES;
				CLANG_WARN_INT_CONVERSION = YES;
				CLANG_WARN_OBJC_ROOT_CLASS = YES_ERROR;
				CLANG_WARN_SUSPICIOUS_MOVE = YES;
				CLANG_WARN_UNREACHABLE_CODE = YES;
				CLANG_WARN__DUPLICATE_METHOD_MATCH = YES;
				"CODE_SIGN_IDENTITY[sdk=iphoneos*]" = "iPhone Developer";
				COPY_PHASE_STRIP = NO;
				DEBUG_INFORMATION_FORMAT = "dwarf-with-dsym";
				ENABLE_NS_ASSERTIONS = NO;
				ENABLE_STRICT_OBJC_MSGSEND = YES;
				GCC_C_LANGUAGE_STANDARD = gnu99;
				GCC_NO_COMMON_BLOCKS = YES;
				GCC_WARN_64_TO_32_BIT_CONVERSION = YES;
				GCC_WARN_ABOUT_RETURN_TYPE = YES_ERROR;
				GCC_WARN_UNDECLARED_SELECTOR = YES;
				GCC_WARN_UNINITIALIZED_AUTOS = YES_AGGRESSIVE;
				GCC_WARN_UNUSED_FUNCTION = YES;
				GCC_WARN_UNUSED_VARIABLE = YES;
				IPHONEOS_DEPLOYMENT_TARGET = 10.2;
				MTL_ENABLE_DEBUG_INFO = NO;
				SDKROOT = iphoneos;
				SWIFT_OPTIMIZATION_LEVEL = "-Owholemodule";
				TARGETED_DEVICE_FAMILY = "1,2";
				VALIDATE_PRODUCT = YES;
			};
			name = Release;
		};
		A7BC68FE1E7E979500DFDCEC /* Debug */ = {
			isa = XCBuildConfiguration;
			baseConfigurationReference = DDCFE9FF376C60D9E87A06E0 /* Pods-SwiftWibo.debug.xcconfig */;
			buildSettings = {
				ASSETCATALOG_COMPILER_APPICON_NAME = AppIcon;
				INFOPLIST_FILE = SwiftWibo/Info.plist;
				LD_RUNPATH_SEARCH_PATHS = "$(inherited) @executable_path/Frameworks";
				PRODUCT_BUNDLE_IDENTIFIER = COM.EP.SwiftWibo;
				PRODUCT_NAME = "$(TARGET_NAME)";
				SWIFT_OBJC_BRIDGING_HEADER = "$PRODUCT_NAME/SwiftWibo-Bridging-Header.h";
				SWIFT_VERSION = 3.0;
				TARGETED_DEVICE_FAMILY = 1;
			};
			name = Debug;
		};
		A7BC68FF1E7E979500DFDCEC /* Release */ = {
			isa = XCBuildConfiguration;
			baseConfigurationReference = 2ED990E17AF2342B15061A6C /* Pods-SwiftWibo.release.xcconfig */;
			buildSettings = {
				ASSETCATALOG_COMPILER_APPICON_NAME = AppIcon;
				INFOPLIST_FILE = SwiftWibo/Info.plist;
				LD_RUNPATH_SEARCH_PATHS = "$(inherited) @executable_path/Frameworks";
				PRODUCT_BUNDLE_IDENTIFIER = COM.EP.SwiftWibo;
				PRODUCT_NAME = "$(TARGET_NAME)";
				SWIFT_OBJC_BRIDGING_HEADER = "$PRODUCT_NAME/SwiftWibo-Bridging-Header.h";
				SWIFT_VERSION = 3.0;
				TARGETED_DEVICE_FAMILY = 1;
			};
			name = Release;
		};
		A7BC69011E7E979500DFDCEC /* Debug */ = {
			isa = XCBuildConfiguration;
			baseConfigurationReference = 66B7E907F1634625A34C3806 /* Pods-SwiftWiboTests.debug.xcconfig */;
			buildSettings = {
				ALWAYS_EMBED_SWIFT_STANDARD_LIBRARIES = YES;
				BUNDLE_LOADER = "$(TEST_HOST)";
				INFOPLIST_FILE = SwiftWiboTests/Info.plist;
				LD_RUNPATH_SEARCH_PATHS = "$(inherited) @executable_path/Frameworks @loader_path/Frameworks";
				PRODUCT_BUNDLE_IDENTIFIER = COM.EP.SwiftWiboTests;
				PRODUCT_NAME = "$(TARGET_NAME)";
				SWIFT_VERSION = 3.0;
				TEST_HOST = "$(BUILT_PRODUCTS_DIR)/SwiftWibo.app/SwiftWibo";
			};
			name = Debug;
		};
		A7BC69021E7E979500DFDCEC /* Release */ = {
			isa = XCBuildConfiguration;
			baseConfigurationReference = 4C4FD6C804710F1D1E04AB32 /* Pods-SwiftWiboTests.release.xcconfig */;
			buildSettings = {
				ALWAYS_EMBED_SWIFT_STANDARD_LIBRARIES = YES;
				BUNDLE_LOADER = "$(TEST_HOST)";
				INFOPLIST_FILE = SwiftWiboTests/Info.plist;
				LD_RUNPATH_SEARCH_PATHS = "$(inherited) @executable_path/Frameworks @loader_path/Frameworks";
				PRODUCT_BUNDLE_IDENTIFIER = COM.EP.SwiftWiboTests;
				PRODUCT_NAME = "$(TARGET_NAME)";
				SWIFT_VERSION = 3.0;
				TEST_HOST = "$(BUILT_PRODUCTS_DIR)/SwiftWibo.app/SwiftWibo";
			};
			name = Release;
		};
		A7BC69041E7E979500DFDCEC /* Debug */ = {
			isa = XCBuildConfiguration;
			baseConfigurationReference = 32FD62880E3D1130FD9D6A63 /* Pods-SwiftWiboUITests.debug.xcconfig */;
			buildSettings = {
				ALWAYS_EMBED_SWIFT_STANDARD_LIBRARIES = YES;
				INFOPLIST_FILE = SwiftWiboUITests/Info.plist;
				LD_RUNPATH_SEARCH_PATHS = "$(inherited) @executable_path/Frameworks @loader_path/Frameworks";
				PRODUCT_BUNDLE_IDENTIFIER = COM.EP.SwiftWiboUITests;
				PRODUCT_NAME = "$(TARGET_NAME)";
				SWIFT_VERSION = 3.0;
				TEST_TARGET_NAME = SwiftWibo;
			};
			name = Debug;
		};
		A7BC69051E7E979500DFDCEC /* Release */ = {
			isa = XCBuildConfiguration;
			baseConfigurationReference = 3CA5E6317175A6606D230025 /* Pods-SwiftWiboUITests.release.xcconfig */;
			buildSettings = {
				ALWAYS_EMBED_SWIFT_STANDARD_LIBRARIES = YES;
				INFOPLIST_FILE = SwiftWiboUITests/Info.plist;
				LD_RUNPATH_SEARCH_PATHS = "$(inherited) @executable_path/Frameworks @loader_path/Frameworks";
				PRODUCT_BUNDLE_IDENTIFIER = COM.EP.SwiftWiboUITests;
				PRODUCT_NAME = "$(TARGET_NAME)";
				SWIFT_VERSION = 3.0;
				TEST_TARGET_NAME = SwiftWibo;
			};
			name = Release;
		};
/* End XCBuildConfiguration section */

/* Begin XCConfigurationList section */
		A7BC68CD1E7E979500DFDCEC /* Build configuration list for PBXProject "SwiftWibo" */ = {
			isa = XCConfigurationList;
			buildConfigurations = (
				A7BC68FB1E7E979500DFDCEC /* Debug */,
				A7BC68FC1E7E979500DFDCEC /* Release */,
			);
			defaultConfigurationIsVisible = 0;
			defaultConfigurationName = Release;
		};
		A7BC68FD1E7E979500DFDCEC /* Build configuration list for PBXNativeTarget "SwiftWibo" */ = {
			isa = XCConfigurationList;
			buildConfigurations = (
				A7BC68FE1E7E979500DFDCEC /* Debug */,
				A7BC68FF1E7E979500DFDCEC /* Release */,
			);
			defaultConfigurationIsVisible = 0;
			defaultConfigurationName = Release;
		};
		A7BC69001E7E979500DFDCEC /* Build configuration list for PBXNativeTarget "SwiftWiboTests" */ = {
			isa = XCConfigurationList;
			buildConfigurations = (
				A7BC69011E7E979500DFDCEC /* Debug */,
				A7BC69021E7E979500DFDCEC /* Release */,
			);
			defaultConfigurationIsVisible = 0;
			defaultConfigurationName = Release;
		};
		A7BC69031E7E979500DFDCEC /* Build configuration list for PBXNativeTarget "SwiftWiboUITests" */ = {
			isa = XCConfigurationList;
			buildConfigurations = (
				A7BC69041E7E979500DFDCEC /* Debug */,
				A7BC69051E7E979500DFDCEC /* Release */,
			);
			defaultConfigurationIsVisible = 0;
			defaultConfigurationName = Release;
		};
/* End XCConfigurationList section */

/* Begin XCVersionGroup section */
		A7BC68DC1E7E979500DFDCEC /* SwiftWibo.xcdatamodeld */ = {
			isa = XCVersionGroup;
			children = (
				A7BC68DD1E7E979500DFDCEC /* SwiftWibo.xcdatamodel */,
			);
			currentVersion = A7BC68DD1E7E979500DFDCEC /* SwiftWibo.xcdatamodel */;
			path = SwiftWibo.xcdatamodeld;
			sourceTree = "<group>";
			versionGroupType = wrapper.xcdatamodel;
		};
/* End XCVersionGroup section */
	};
	rootObject = A7BC68CA1E7E979500DFDCEC /* Project object */;
}
